github.com/platenio/platen/modules/platen v0.0.0-20230201010936-058d7b1f175e h1:Vm/vmrNhXy8uZ9AuHuCBdDdd7R8bk0xZ7gng0uY5YWk=
github.com/platenio/platen/modules/platen v0.0.0-20230201010936-058d7b1f175e/go.mod h1:7pfizXCKb4vonp6Og/3zkoy09YYsHip9/hXiT/pc3IM=
github.com/platenio/platen/modules/platen v0.0.0-20230206190051-ee754716b31e h1:xsmzhX2h6ZkPJDr7viGvdThjO7Oi4bcvGmt/IU755nM=
github.com/platenio/platen/modules/platen v0.0.0-20230206190051-ee754716b31e/go.mod h1:7pfizXCKb4vonp6Og/3zkoy09YYsHip9/hXiT/pc3IM=
github.com/platenio/platen/modules/platen v0.0.0-20230312145105-ead2c9e49e72 h1:0DyX8vg9SlMYZ4LqVqqfcKPjwdteB3p9aQEHoztxCLE=
github.com/platenio/platen/modules/platen v0.0.0-20230312145105-ead2c9e49e72/go.mod h1:7pfizXCKb4vonp6Og/3zkoy09YYsHip9/hXiT/pc3IM=
github.com/platenio/platen/modules/platen v0.0.0-20230313022014-9abf196a9a59 h1:zFYKeC67YdRkUfwpyjpw5NQLYz1X96xiKqQEOLUCY5o=
github.com/platenio/platen/modules/platen v0.0.0-20230313022014-9abf196a9a59/go.mod h1:7pfizXCKb4vonp6Og/3zkoy09YYsHip9/hXiT/pc3IM=
github.com/platenio/platen/modules/platen v0.0.0-20230416185311-b8460c6455cd h1:62q1cLQ4DEuzzgVI6G9Kb37QGHxk6j9tIjZ1FWKhFlk=
github.com/platenio/platen/modules/platen v0.0.0-20230416185311-b8460c6455cd/go.mod h1:7pfizXCKb4vonp6Og/3zkoy09YYsHip9/hXiT/pc3IM=
github.com/platenio/platen/modules/platen v0.0.0-20230529160419-88fb86b1f1b2 h1:cemZMn/8i01Rz07nzzPG+QYviKfw0nfUv0QFAz3G/aU=
github.com/platenio/platen/modules/platen v0.0.0-20230529160419-88fb86b1f1b2/go.mod h1:7pfizXCKb4vonp6Og/3zkoy09YYsHip9/hXiT/pc3IM=
github.com/platenio/platen/modules/platen v0.0.0-20230529185105-1940d50cd690 h1:zTFeL0ZfHJoSLtpzAgiry836US+8lDY6c4CBe2xSKgA=
github.com/platenio/platen/modules/platen v0.0.0-20230529185105-1940d50cd690/go.mod h1:7pfizXCKb4vonp6Og/3zkoy09YYsHip9/hXiT/pc3IM=
github.com/platenio/platen/modules/platen v0.0.0-20230530021201-de9bef2c81f9 h1:2huIZ6yzEzzeQ9E1F0Dzyh6oNRsc0F5iLABLDjVkSts=
github.com/platenio/platen/modules/platen v0.0.0-20230530021201-de9bef2c81f9/go.mod h1:7pfizXCKb4vonp6Og/3zkoy09YYsHip9/hXiT/pc3IM=
github.com/platenio/platen/modules/platen v0.0.0-20230530021543-c9830a2dfe07 h1:+2rucKd5bzNPFQaO9Rxutd9MlYV5OrGD/bkoDSGQW9Q=
github.com/platenio/platen/modules/platen v0.0.0-20230530021543-c9830a2dfe07/go.mod h1:7pfizXCKb4vonp6Og/3zkoy09YYsHip9/hXiT/pc3IM=
github.com/platenio/platen/modules/platen v0.0.0-20230530030614-0a5bf77211cc h1:shcO+PyOzcl5WaMQUcodVM17+lYrYCv3qBla/rz5VnA=
github.com/platenio/platen/modules/platen v0.0.0-20230530030614-0a5bf77211cc/go.mod h1:7pfizXCKb4vonp6Og/3zkoy09YYsHip9/hXiT/pc3IM=
